
Microsoft Visual Studio Solution File, Format Version 12.00
# Visual Studio Version 17
VisualStudioVersion = 17.9.34622.214
MinimumVisualStudioVersion = 10.0.40219.1
Project("{FAE04EC0-301F-11D3-BF4B-00C04F79EFBC}") = "ProductManagementSPA", "ProductManagementSPA.csproj", "{DA1141A8-F5B0-43C6-B90A-00EA5A7442CE}"
EndProject
Project("{FAE04EC0-301F-11D3-BF4B-00C04F79EFBC}") = "IPDAL", "..\IPDAL\IPDAL.csproj", "{F5C31E73-70F8-4D6A-B78C-A8B43F37833C}"
EndProject
Project("{FAE04EC0-301F-11D3-BF4B-00C04F79EFBC}") = "IPBLL", "..\IPBLL\IPBLL.csproj", "{CD7219DE-DD2B-4797-ACA7-6019C562C2B9}"
EndProject
Global
	GlobalSection(SolutionConfigurationPlatforms) = preSolution
		Debug|Any CPU = Debug|Any CPU
		Release|Any CPU = Release|Any CPU
	EndGlobalSection
	GlobalSection(ProjectConfigurationPlatforms) = postSolution
		{DA1141A8-F5B0-43C6-B90A-00EA5A7442CE}.Debug|Any CPU.ActiveCfg = Debug|Any CPU
		{DA1141A8-F5B0-43C6-B90A-00EA5A7442CE}.Debug|Any CPU.Build.0 = Debug|Any CPU
		{DA1141A8-F5B0-43C6-B90A-00EA5A7442CE}.Release|Any CPU.ActiveCfg = Release|Any CPU
		{DA1141A8-F5B0-43C6-B90A-00EA5A7442CE}.Release|Any CPU.Build.0 = Release|Any CPU
		{F5C31E73-70F8-4D6A-B78C-A8B43F37833C}.Debug|Any CPU.ActiveCfg = Debug|Any CPU
		{F5C31E73-70F8-4D6A-B78C-A8B43F37833C}.Debug|Any CPU.Build.0 = Debug|Any CPU
		{F5C31E73-70F8-4D6A-B78C-A8B43F37833C}.Release|Any CPU.ActiveCfg = Release|Any CPU
		{F5C31E73-70F8-4D6A-B78C-A8B43F37833C}.Release|Any CPU.Build.0 = Release|Any CPU
		{CD7219DE-DD2B-4797-ACA7-6019C562C2B9}.Debug|Any CPU.ActiveCfg = Debug|Any CPU
		{CD7219DE-DD2B-4797-ACA7-6019C562C2B9}.Debug|Any CPU.Build.0 = Debug|Any CPU
		{CD7219DE-DD2B-4797-ACA7-6019C562C2B9}.Release|Any CPU.ActiveCfg = Release|Any CPU
		{CD7219DE-DD2B-4797-ACA7-6019C562C2B9}.Release|Any CPU.Build.0 = Release|Any CPU
	EndGlobalSection
	GlobalSection(SolutionProperties) = preSolution
		HideSolutionNode = FALSE
	EndGlobalSection
	GlobalSection(ExtensibilityGlobals) = postSolution
		SolutionGuid = {FBE01F25-E172-4D80-91B9-080F455C56FD}
	EndGlobalSection
EndGlobal
